github.com/Kelado/go-merkletree v0.0.0-20240302171121-0468bd7f6c00 h1:OIbVxI54RuyFRd+BawRdbFViymeP91FR8tXUpgv9OmI=
github.com/Kelado/go-merkletree v0.0.0-20240302171121-0468bd7f6c00/go.mod h1:4oGTnIRP9UUa/16gEAbZvCeGBU6GQ9/+8/w41JH7dkY=
github.com/agiledragon/gomonkey/v2 v2.11.0 h1:5oxSgA+tC1xuGsrIorR+sYiziYltmJyEZ9qA25b6l5U=
github.com/agiledragon/gomonkey/v2 v2.11.0/go.mod h1:ap1AmDzcVOAz1YpeJ3TCzIgstoaWLA6jbbgxfB4w2iY=
golang.org/x/crypto v0.18.0 h1:PGVlW0xEltQnzFZ55hkuX5+KLyrMYhHld1YHO4AKcdc=
golang.org/x/crypto v0.18.0/go.mod h1:R0j02AL6hcrfOiy9T4ZYp/rcWeMxM3L6QYxlOuEG1mg=
golang.org/x/sync v0.5.0 h1:60k92dhOjHxJkrqnwsfl8KuaHbn/5dl0lUPUklKo3qE=
golang.org/x/sync v0.5.0/go.mod h1:Czt+wKu1gCyEFDUtn0jG5QVvpJ6rzVqr5aXyt9drQfk=
golang.org/x/sys v0.16.0 h1:xWw16ngr6ZMtmxDyKyIgsE93KNKz5HKmMa3b8ALHidU=
golang.org/x/sys v0.16.0/go.mod h1:/VUhepiaJMQUp4+oa/7Zr1D23ma6VTLIYjOOTFZPUcA=
